
Microsoft Visual Studio Solution File, Format Version 12.00
# Visual Studio 14
VisualStudioVersion = 14.0.25123.0
MinimumVisualStudioVersion = 10.0.40219.1
Project("{FAE04EC0-301F-11D3-BF4B-00C04F79EFBC}") = "home.mosbd.com", "src\home.mosbd.com\home.mosbd.com.csproj", "{FDB546F0-A174-4C7D-A879-8F59FC394557}"
EndProject
Global
	GlobalSection(SolutionConfigurationPlatforms) = preSolution
		Debug|Any CPU = Debug|Any CPU
		Release|Any CPU = Release|Any CPU
	EndGlobalSection
	GlobalSection(ProjectConfigurationPlatforms) = postSolution
		{FDB546F0-A174-4C7D-A879-8F59FC394557}.Debug|Any CPU.ActiveCfg = Debug|Any CPU
		{FDB546F0-A174-4C7D-A879-8F59FC394557}.Debug|Any CPU.Build.0 = Debug|Any CPU
		{FDB546F0-A174-4C7D-A879-8F59FC394557}.Release|Any CPU.ActiveCfg = Release|Any CPU
		{FDB546F0-A174-4C7D-A879-8F59FC394557}.Release|Any CPU.Build.0 = Release|Any CPU
	EndGlobalSection
	GlobalSection(SolutionProperties) = preSolution
		HideSolutionNode = FALSE
	EndGlobalSection
EndGlobal
